# This file is autogenerated, do not edit; changes may be undone by the next 'dep ensure'.


[[projects]]
  name = "github.com/google/uuid"
  packages = ["."]
  revision = "064e2069ce9c359c118179501254f67d7d37ba24"
  version = "0.2"

[[projects]]
  branch = "master"
  name = "github.com/u-root/u-root"
  packages = ["pkg/gpt"]
  revision = "bf2cf8648a86f2a491af00984c12650804ed167b"

[solve-meta]
  analyzer-name = "dep"
  analyzer-version = 1
  inputs-digest = "102c7634cd6626392207497edad4ce889793341b25716670a69b429882e71cef"
  solver-name = "gps-cdcl"
  solver-version = 1
