# This file is autogenerated, do not edit; changes may be undone by the next 'dep ensure'.


[[projects]]
  name = "github.com/google/uuid"
  packages = ["."]
  revision = "064e2069ce9c359c118179501254f67d7d37ba24"
  version = "0.2"

[[projects]]
  branch = "master"
  name = "github.com/u-root/u-root"
  packages = ["pkg/gpt","pkg/uroot/util"]
  revision = "bf2cf8648a86f2a491af00984c12650804ed167b"

[[projects]]
  branch = "master"
  name = "golang.org/x/sys"
  packages = ["unix"]
  revision = "d818ba11af4465e00c1998bd3f8a55603b422290"

[solve-meta]
  analyzer-name = "dep"
  analyzer-version = 1
  inputs-digest = "f6f27db5149d67ea487089a28563c31d78e50ad98e5cd23abf16c1cf95871687"
  solver-name = "gps-cdcl"
  solver-version = 1
