# This file is autogenerated, do not edit; changes may be undone by the next 'dep ensure'.


[[projects]]
  branch = "master"
  name = "github.com/google/uuid"
  packages = ["."]
  revision = "dec09d789f3dba190787f8b4454c7d3c936fed9e"

[[projects]]
  branch = "master"
  name = "github.com/u-root/u-root"
  packages = [
    "pkg/gpt",
    "pkg/uroot/util"
  ]
  revision = "1cf9f48ee2cfb12587a603dee9f13fd2892e7442"

[solve-meta]
  analyzer-name = "dep"
  analyzer-version = 1
  inputs-digest = "6ea9ff8001cb2462bfb8d1d9f7cf800d6ca5f3180b1b85a61636f786dcf5f3cb"
  solver-name = "gps-cdcl"
  solver-version = 1
